
Microsoft Visual Studio Solution File, Format Version 11.00
# Visual Studio 2010
Project("{FAE04EC0-301F-11D3-BF4B-00C04F79EFBC}") = "Top Down Defense", "Assembly-CSharp.csproj", "{731A9600-8A45-B39A-14B8-8A13CAD5608D}"
EndProject
Global
	GlobalSection(SolutionConfigurationPlatforms) = preSolution
		Debug|Any CPU = Debug|Any CPU
		Release|Any CPU = Release|Any CPU
	EndGlobalSection
	GlobalSection(ProjectConfigurationPlatforms) = postSolution
		{731A9600-8A45-B39A-14B8-8A13CAD5608D}.Debug|Any CPU.ActiveCfg = Debug|Any CPU
		{731A9600-8A45-B39A-14B8-8A13CAD5608D}.Debug|Any CPU.Build.0 = Debug|Any CPU
		{731A9600-8A45-B39A-14B8-8A13CAD5608D}.Release|Any CPU.ActiveCfg = Release|Any CPU
		{731A9600-8A45-B39A-14B8-8A13CAD5608D}.Release|Any CPU.Build.0 = Release|Any CPU
	EndGlobalSection
	GlobalSection(SolutionProperties) = preSolution
		HideSolutionNode = FALSE
	EndGlobalSection
	GlobalSection(MonoDevelopProperties) = preSolution
		StartupItem = Assembly-CSharp.csproj
	EndGlobalSection
EndGlobal
